
Microsoft Visual Studio Solution File, Format Version 12.00
# Visual Studio Version 16
VisualStudioVersion = 16.0.30204.135
MinimumVisualStudioVersion = 10.0.40219.1
Project("{2150E333-8FDC-42A3-9474-1A3956D46DE8}") = "Solution Items", "Solution Items", "{335B1379-6C95-4DCE-8D89-6602C387C26D}"
	ProjectSection(SolutionItems) = preProject
		.editorconfig = .editorconfig
		..\appveyor.yml = ..\appveyor.yml
		Build.ps1 = Build.ps1
		default.build = default.build
		..\README.md = ..\README.md
	EndProjectSection
EndProject
Project("{9A19103F-16F7-4668-BE54-9A1E7A4F7556}") = "Cortside.DomainEvent", "Cortside.DomainEvent\Cortside.DomainEvent.csproj", "{F0FB9FE9-C5F2-4514-B4A9-0A90DA07D36B}"
EndProject
Project("{9A19103F-16F7-4668-BE54-9A1E7A4F7556}") = "Cortside.DomainEvent.Tests", "Cortside.DomainEvent.Tests\Cortside.DomainEvent.Tests.csproj", "{1E370B56-A7EF-481C-86D3-70F4AE5C87DE}"
EndProject
Project("{9A19103F-16F7-4668-BE54-9A1E7A4F7556}") = "Cortside.DomainEvent.IntegrationTests", "Cortside.DomainEvent.IntegrationTests\Cortside.DomainEvent.IntegrationTests.csproj", "{3CB9A0AB-5B9A-4C7F-BA81-8411D8F677D6}"
EndProject
Project("{FAE04EC0-301F-11D3-BF4B-00C04F79EFBC}") = "Cortside.DomainEvent.EntityFramework", "Cortside.DomainEvent.Outbox\Cortside.DomainEvent.EntityFramework.csproj", "{E55E3551-EFCB-43CF-91DA-9F6147B904BA}"
EndProject
Project("{FAE04EC0-301F-11D3-BF4B-00C04F79EFBC}") = "Cortside.DomainEvent.EntityFramework.IntegrationTests", "Cortside.DomainEvent.EntityFramework.IntegrationTests\Cortside.DomainEvent.EntityFramework.IntegrationTests.csproj", "{6D6CD084-0E0E-48C5-A848-5DF2506DE6A1}"
EndProject
Global
	GlobalSection(SolutionConfigurationPlatforms) = preSolution
		Debug|Any CPU = Debug|Any CPU
		Release|Any CPU = Release|Any CPU
	EndGlobalSection
	GlobalSection(ProjectConfigurationPlatforms) = postSolution
		{F0FB9FE9-C5F2-4514-B4A9-0A90DA07D36B}.Debug|Any CPU.ActiveCfg = Debug|Any CPU
		{F0FB9FE9-C5F2-4514-B4A9-0A90DA07D36B}.Debug|Any CPU.Build.0 = Debug|Any CPU
		{F0FB9FE9-C5F2-4514-B4A9-0A90DA07D36B}.Release|Any CPU.ActiveCfg = Release|Any CPU
		{F0FB9FE9-C5F2-4514-B4A9-0A90DA07D36B}.Release|Any CPU.Build.0 = Release|Any CPU
		{1E370B56-A7EF-481C-86D3-70F4AE5C87DE}.Debug|Any CPU.ActiveCfg = Debug|Any CPU
		{1E370B56-A7EF-481C-86D3-70F4AE5C87DE}.Debug|Any CPU.Build.0 = Debug|Any CPU
		{1E370B56-A7EF-481C-86D3-70F4AE5C87DE}.Release|Any CPU.ActiveCfg = Release|Any CPU
		{1E370B56-A7EF-481C-86D3-70F4AE5C87DE}.Release|Any CPU.Build.0 = Release|Any CPU
		{3CB9A0AB-5B9A-4C7F-BA81-8411D8F677D6}.Debug|Any CPU.ActiveCfg = Debug|Any CPU
		{3CB9A0AB-5B9A-4C7F-BA81-8411D8F677D6}.Debug|Any CPU.Build.0 = Debug|Any CPU
		{3CB9A0AB-5B9A-4C7F-BA81-8411D8F677D6}.Release|Any CPU.ActiveCfg = Release|Any CPU
		{3CB9A0AB-5B9A-4C7F-BA81-8411D8F677D6}.Release|Any CPU.Build.0 = Release|Any CPU
		{E55E3551-EFCB-43CF-91DA-9F6147B904BA}.Debug|Any CPU.ActiveCfg = Debug|Any CPU
		{E55E3551-EFCB-43CF-91DA-9F6147B904BA}.Debug|Any CPU.Build.0 = Debug|Any CPU
		{E55E3551-EFCB-43CF-91DA-9F6147B904BA}.Release|Any CPU.ActiveCfg = Release|Any CPU
		{E55E3551-EFCB-43CF-91DA-9F6147B904BA}.Release|Any CPU.Build.0 = Release|Any CPU
		{6D6CD084-0E0E-48C5-A848-5DF2506DE6A1}.Debug|Any CPU.ActiveCfg = Debug|Any CPU
		{6D6CD084-0E0E-48C5-A848-5DF2506DE6A1}.Debug|Any CPU.Build.0 = Debug|Any CPU
		{6D6CD084-0E0E-48C5-A848-5DF2506DE6A1}.Release|Any CPU.ActiveCfg = Release|Any CPU
		{6D6CD084-0E0E-48C5-A848-5DF2506DE6A1}.Release|Any CPU.Build.0 = Release|Any CPU
	EndGlobalSection
	GlobalSection(SolutionProperties) = preSolution
		HideSolutionNode = FALSE
	EndGlobalSection
	GlobalSection(ExtensibilityGlobals) = postSolution
		SolutionGuid = {DD00D9E8-8D42-40AE-9315-0D447B0C5275}
	EndGlobalSection
EndGlobal
